// !$*UTF8*$!
{
	archiveVersion = 1;
	classes = {
	};
	objectVersion = 77;
	objects = {

/* Begin PBXContainerItemProxy section */
		8E94B6FC3000BF1400A6FA2F /* PBXContainerItemProxy */ = {
			isa = PBXContainerItemProxy;
			containerPortal = 8E94B6E23000BF1400A6FA2F /* Project object */;
			proxyType = 1;
			remoteGlobalIDString = 8E94B6E93000BF1400A6FA2F;
			remoteInfo = OmniBot;
		};
		8E94B7063000BF1400A6FA2F /* PBXContainerItemProxy */ = {
			isa = PBXContainerItemProxy;
			containerPortal = 8E94B6E23000BF1400A6FA2F /* Project object */;
			proxyType = 1;
			remoteGlobalIDString = 8E94B6E93000BF1400A6FA2F;
			remoteInfo = OmniBot;
		};
/* End PBXContainerItemProxy section */

/* Begin PBXFileReference section */
		8E94B6EA3000BF1400A6FA2F /* Via Vera.app */ = {isa = PBXFileReference; explicitFileType = wrapper.application; includeInIndex = 0; path = "Via Vera.app"; sourceTree = BUILT_PRODUCTS_DIR; };
		8E94B6FB3000BF1400A6FA2F /* OmniBotTests.xctest */ = {isa = PBXFileReference; explicitFileType = wrapper.cfbundle; includeInIndex = 0; path = OmniBotTests.xctest; sourceTree = BUILT_PRODUCTS_DIR; };
		8E94B7053000BF1400A6FA2F /* OmniBotUITests.xctest */ = {isa = PBXFileReference; explicitFileType = wrapper.cfbundle; includeInIndex = 0; path = OmniBotUITests.xctest; sourceTree = BUILT_PRODUCTS_DIR; };
/* End PBXFileReference section */

/* Begin PBXFileSystemSynchronizedBuildFileExceptionSet section */
		8E94B70D3000BF1400A6FA2F /* Exceptions for "OmniBot" folder in "OmniBot" target */ = {
			isa = PBXFileSystemSynchronizedBuildFileExceptionSet;
			membershipExceptions = (
				Info.plist,
			);
			target = 8E94B6E93000BF1400A6FA2F /* OmniBot */;
		};
/* End PBXFileSystemSynchronizedBuildFileExceptionSet section */

/* Begin PBXFileSystemSynchronizedRootGroup section */
		8E94B6EC3000BF1400A6FA2F /* OmniBot */ = {
			isa = PBXFileSystemSynchronizedRootGroup;
			exceptions = (
				8E94B70D3000BF1400A6FA2F /* Exceptions for "OmniBot" folder in "OmniBot" target */,
			);
			path = OmniBot;
			sourceTree = "<group>";
		};
		8E94B6FE3000BF1400A6FA2F /* OmniBotTests */ = {
			isa = PBXFileSystemSynchronizedRootGroup;
			path = OmniBotTests;
			sourceTree = "<group>";
		};
		8E94B7083000BF1400A6FA2F /* OmniBotUITests */ = {
			isa = PBXFileSystemSynchronizedRootGroup;
			path = OmniBotUITests;
			sourceTree = "<group>";
		};
/* End PBXFileSystemSynchronizedRootGroup section */

/* Begin PBXFrameworksBuildPhase section */
		8E94B6E73000BF1400A6FA2F /* Frameworks */ = {
			isa = PBXFrameworksBuildPhase;
			buildActionMask = 2147483647;
			files = (
			);
			runOnlyForDeploymentPostprocessing = 0;
		};
		8E94B6F83000BF1400A6FA2F /* Frameworks */ = {
			isa = PBXFrameworksBuildPhase;
			buildActionMask = 2147483647;
			files = (
			);
			runOnlyForDeploymentPostprocessing = 0;
		};
		8E94B7023000BF1400A6FA2F /* Frameworks */ = {
			isa = PBXFrameworksBuildPhase;
			buildActionMask = 2147483647;
			files = (
			);
			runOnlyForDeploymentPostprocessing = 0;
		};
/* End PBXFrameworksBuildPhase section */

/* Begin PBXGroup section */
		8E94B6E13000BF1400A6FA2F = {
			isa = PBXGroup;
			children = (
				8E94B6EC3000BF1400A6FA2F /* OmniBot */,
				8E94B6FE3000BF1400A6FA2F /* OmniBotTests */,
				8E94B7083000BF1400A6FA2F /* OmniBotUITests */,
				8E94B6EB3000BF1400A6FA2F /* Products */,
			);
			sourceTree = "<group>";
		};
		8E94B6EB3000BF1400A6FA2F /* Products */ = {
			isa = PBXGroup;
			children = (
				8E94B6EA3000BF1400A6FA2F /* Via Vera.app */,
				8E94B6FB3000BF1400A6FA2F /* OmniBotTests.xctest */,
				8E94B7053000BF1400A6FA2F /* OmniBotUITests.xctest */,
			);
			name = Products;
			sourceTree = "<group>";
		};
/* End PBXGroup section */

/* Begin PBXNativeTarget section */
		8E94B6E93000BF1400A6FA2F /* OmniBot */ = {
			isa = PBXNativeTarget;
			buildConfigurationList = 8E94B70E3000BF1400A6FA2F /* Build configuration list for PBXNativeTarget "OmniBot" */;
			buildPhases = (
				B10000000000000000000001 /* Build iSH ARM64 Core */,
				8E94B6E63000BF1400A6FA2F /* Sources */,
				8E94B6E73000BF1400A6FA2F /* Frameworks */,
				8E94B6E83000BF1400A6FA2F /* Resources */,
			);
			buildRules = (
			);
			dependencies = (
			);
			fileSystemSynchronizedGroups = (
				8E94B6EC3000BF1400A6FA2F /* OmniBot */,
			);
			name = OmniBot;
			packageProductDependencies = (
			);
			productName = OmniBot;
			productReference = 8E94B6EA3000BF1400A6FA2F /* Via Vera.app */;
			productType = "com.apple.product-type.application";
		};
		8E94B6FA3000BF1400A6FA2F /* OmniBotTests */ = {
			isa = PBXNativeTarget;
			buildConfigurationList = 8E94B7133000BF1400A6FA2F /* Build configuration list for PBXNativeTarget "OmniBotTests" */;
			buildPhases = (
				8E94B6F73000BF1400A6FA2F /* Sources */,
				8E94B6F83000BF1400A6FA2F /* Frameworks */,
				8E94B6F93000BF1400A6FA2F /* Resources */,
			);
			buildRules = (
			);
			dependencies = (
				8E94B6FD3000BF1400A6FA2F /* PBXTargetDependency */,
			);
			fileSystemSynchronizedGroups = (
				8E94B6FE3000BF1400A6FA2F /* OmniBotTests */,
			);
			name = OmniBotTests;
			packageProductDependencies = (
			);
			productName = OmniBotTests;
			productReference = 8E94B6FB3000BF1400A6FA2F /* OmniBotTests.xctest */;
			productType = "com.apple.product-type.bundle.unit-test";
		};
		8E94B7043000BF1400A6FA2F /* OmniBotUITests */ = {
			isa = PBXNativeTarget;
			buildConfigurationList = 8E94B7163000BF1400A6FA2F /* Build configuration list for PBXNativeTarget "OmniBotUITests" */;
			buildPhases = (
				8E94B7013000BF1400A6FA2F /* Sources */,
				8E94B7023000BF1400A6FA2F /* Frameworks */,
				8E94B7033000BF1400A6FA2F /* Resources */,
			);
			buildRules = (
			);
			dependencies = (
				8E94B7073000BF1400A6FA2F /* PBXTargetDependency */,
			);
			fileSystemSynchronizedGroups = (
				8E94B7083000BF1400A6FA2F /* OmniBotUITests */,
			);
			name = OmniBotUITests;
			packageProductDependencies = (
			);
			productName = OmniBotUITests;
			productReference = 8E94B7053000BF1400A6FA2F /* OmniBotUITests.xctest */;
			productType = "com.apple.product-type.bundle.ui-testing";
		};
/* End PBXNativeTarget section */

/* Begin PBXProject section */
		8E94B6E23000BF1400A6FA2F /* Project object */ = {
			isa = PBXProject;
			attributes = {
				BuildIndependentTargetsInParallel = 1;
				LastSwiftUpdateCheck = 2640;
				LastUpgradeCheck = 2640;
				TargetAttributes = {
					8E94B6E93000BF1400A6FA2F = {
						CreatedOnToolsVersion = 26.4;
						SystemCapabilities = {
							com.apple.HealthKit = {
								enabled = 1;
							};
						};
					};
					8E94B6FA3000BF1400A6FA2F = {
						CreatedOnToolsVersion = 26.4;
						TestTargetID = 8E94B6E93000BF1400A6FA2F;
					};
					8E94B7043000BF1400A6FA2F = {
						CreatedOnToolsVersion = 26.4;
						TestTargetID = 8E94B6E93000BF1400A6FA2F;
					};
				};
			};
			buildConfigurationList = 8E94B6E53000BF1400A6FA2F /* Build configuration list for PBXProject "OmniBot" */;
			developmentRegion = en;
			hasScannedForEncodings = 0;
			knownRegions = (
				en,
				Base,
			);
			mainGroup = 8E94B6E13000BF1400A6FA2F;
			minimizedProjectReferenceProxies = 1;
			preferredProjectObjectVersion = 77;
			productRefGroup = 8E94B6EB3000BF1400A6FA2F /* Products */;
			projectDirPath = "";
			projectRoot = "";
			targets = (
				8E94B6E93000BF1400A6FA2F /* OmniBot */,
				8E94B6FA3000BF1400A6FA2F /* OmniBotTests */,
				8E94B7043000BF1400A6FA2F /* OmniBotUITests */,
			);
		};
/* End PBXProject section */

/* Begin PBXResourcesBuildPhase section */
		8E94B6E83000BF1400A6FA2F /* Resources */ = {
			isa = PBXResourcesBuildPhase;
			buildActionMask = 2147483647;
			files = (
			);
			runOnlyForDeploymentPostprocessing = 0;
		};
		8E94B6F93000BF1400A6FA2F /* Resources */ = {
			isa = PBXResourcesBuildPhase;
			buildActionMask = 2147483647;
			files = (
			);
			runOnlyForDeploymentPostprocessing = 0;
		};
		8E94B7033000BF1400A6FA2F /* Resources */ = {
			isa = PBXResourcesBuildPhase;
			buildActionMask = 2147483647;
			files = (
			);
			runOnlyForDeploymentPostprocessing = 0;
		};
/* End PBXResourcesBuildPhase section */

/* Begin PBXShellScriptBuildPhase section */
		B10000000000000000000001 /* Build iSH ARM64 Core */ = {
			isa = PBXShellScriptBuildPhase;
			alwaysOutOfDate = 1;
			buildActionMask = 2147483647;
			files = (
			);
			inputFileListPaths = (
			);
			inputPaths = (
				"$(PROJECT_DIR)/Scripts/build-ish-core.sh",
				"$(PROJECT_DIR)/Scripts/ish-clang-wrapper.sh",
				"$(PROJECT_DIR)/Scripts/patch-ish-generated-build.py",
				"$(PROJECT_DIR)/RuntimeSupport/ish/arm64/libvdso.so.elf",
				"$(PROJECT_DIR)/Vendor/ish-arm64/meson.build",
				"$(PROJECT_DIR)/Vendor/ish-arm64/fs/tty-real.c",
				"$(PROJECT_DIR)/Vendor/ish-arm64/kernel/signal.c",
				"$(PROJECT_DIR)/Vendor/ish-arm64/kernel/task.c",
			);
			name = "Build iSH ARM64 Core";
			outputFileListPaths = (
			);
			outputPaths = (
				"$(TARGET_TEMP_DIR)/ish-meson/libish.a",
				"$(TARGET_TEMP_DIR)/ish-meson/libish_emu.a",
				"$(TARGET_TEMP_DIR)/ish-meson/libfakefs.a",
			);
			runOnlyForDeploymentPostprocessing = 0;
			shellPath = /bin/bash;
			shellScript = "\"${PROJECT_DIR}/Scripts/build-ish-core.sh\"\n";
			showEnvVarsInLog = 0;
		};
/* End PBXShellScriptBuildPhase section */

/* Begin PBXSourcesBuildPhase section */
		8E94B6E63000BF1400A6FA2F /* Sources */ = {
			isa = PBXSourcesBuildPhase;
			buildActionMask = 2147483647;
			files = (
			);
			runOnlyForDeploymentPostprocessing = 0;
		};
		8E94B6F73000BF1400A6FA2F /* Sources */ = {
			isa = PBXSourcesBuildPhase;
			buildActionMask = 2147483647;
			files = (
			);
			runOnlyForDeploymentPostprocessing = 0;
		};
		8E94B7013000BF1400A6FA2F /* Sources */ = {
			isa = PBXSourcesBuildPhase;
			buildActionMask = 2147483647;
			files = (
			);
			runOnlyForDeploymentPostprocessing = 0;
		};
/* End PBXSourcesBuildPhase section */

/* Begin PBXTargetDependency section */
		8E94B6FD3000BF1400A6FA2F /* PBXTargetDependency */ = {
			isa = PBXTargetDependency;
			target = 8E94B6E93000BF1400A6FA2F /* OmniBot */;
			targetProxy = 8E94B6FC3000BF1400A6FA2F /* PBXContainerItemProxy */;
		};
		8E94B7073000BF1400A6FA2F /* PBXTargetDependency */ = {
			isa = PBXTargetDependency;
			target = 8E94B6E93000BF1400A6FA2F /* OmniBot */;
			targetProxy = 8E94B7063000BF1400A6FA2F /* PBXContainerItemProxy */;
		};
/* End PBXTargetDependency section */

/* Begin XCBuildConfiguration section */
		8E94B70F3000BF1400A6FA2F /* Debug */ = {
			isa = XCBuildConfiguration;
			buildSettings = {
				ARCHS = arm64;
				ASSETCATALOG_COMPILER_APPICON_NAME = AppIcon;
				"ASSETCATALOG_COMPILER_APPICON_NAME[sdk=macosx*]" = AppIconMac;
				ASSETCATALOG_COMPILER_GLOBAL_ACCENT_COLOR_NAME = AccentColor;
				"CODE_SIGN_ENTITLEMENTS[sdk=iphoneos*]" = "OmniBot/OmniBot-iOS.entitlements";
				"CODE_SIGN_ENTITLEMENTS[sdk=iphonesimulator*]" = "OmniBot/OmniBot-iOS.entitlements";
				"CODE_SIGN_ENTITLEMENTS[sdk=macosx*]" = OmniBot/OmniBot.entitlements;
				CODE_SIGN_STYLE = Automatic;
				CURRENT_PROJECT_VERSION = 1;
				ENABLE_APP_SANDBOX = YES;
				ENABLE_HARDENED_RUNTIME = YES;
				ENABLE_INCOMING_NETWORK_CONNECTIONS = YES;
				ENABLE_OUTGOING_NETWORK_CONNECTIONS = YES;
				ENABLE_PREVIEWS = YES;
				ENABLE_USER_SCRIPT_SANDBOXING = NO;
				GCC_PREPROCESSOR_DEFINITIONS = (
					"$(inherited)",
					"GUEST_ARM64=1",
				);
				GENERATE_INFOPLIST_FILE = YES;
				HEADER_SEARCH_PATHS = (
					"$(inherited)",
					"$(PROJECT_DIR)/Vendor/ish-arm64",
					"$(PROJECT_DIR)/Vendor/ish-arm64/deps/libarchive/libarchive",
				);
				INFOPLIST_FILE = OmniBot/Info.plist;
				"INFOPLIST_KEY_LSApplicationCategoryType[sdk=macosx*]" = "public.app-category.productivity";
				"INFOPLIST_KEY_UIApplicationSceneManifest_Generation[sdk=iphoneos*]" = YES;
				"INFOPLIST_KEY_UIApplicationSceneManifest_Generation[sdk=iphonesimulator*]" = YES;
				"INFOPLIST_KEY_UIApplicationSupportsIndirectInputEvents[sdk=iphoneos*]" = YES;
				"INFOPLIST_KEY_UIApplicationSupportsIndirectInputEvents[sdk=iphonesimulator*]" = YES;
				"INFOPLIST_KEY_UILaunchScreen_Generation[sdk=iphoneos*]" = YES;
				"INFOPLIST_KEY_UILaunchScreen_Generation[sdk=iphonesimulator*]" = YES;
				"INFOPLIST_KEY_UIStatusBarStyle[sdk=iphoneos*]" = UIStatusBarStyleDefault;
				"INFOPLIST_KEY_UIStatusBarStyle[sdk=iphonesimulator*]" = UIStatusBarStyleDefault;
				INFOPLIST_KEY_UISupportedInterfaceOrientations_iPad = "UIInterfaceOrientationPortrait UIInterfaceOrientationPortraitUpsideDown UIInterfaceOrientationLandscapeLeft UIInterfaceOrientationLandscapeRight";
				INFOPLIST_KEY_UISupportedInterfaceOrientations_iPhone = "UIInterfaceOrientationPortrait UIInterfaceOrientationLandscapeLeft UIInterfaceOrientationLandscapeRight";
				IPHONEOS_DEPLOYMENT_TARGET = 26.4;
				LD_RUNPATH_SEARCH_PATHS = "@executable_path/Frameworks";
				"LD_RUNPATH_SEARCH_PATHS[sdk=macosx*]" = "@executable_path/../Frameworks";
				MACOSX_DEPLOYMENT_TARGET = 26.4;
				MARKETING_VERSION = 1.0;
				OTHER_LDFLAGS = (
					"$(inherited)",
					"$(TARGET_TEMP_DIR)/ish-meson/libish.a",
					"$(TARGET_TEMP_DIR)/ish-meson/libish_emu.a",
					"$(TARGET_TEMP_DIR)/ish-meson/libfakefs.a",
					"-larchive",
					"-lsqlite3",
					"-lresolv",
					"-liconv",
					"-lbz2",
					"-lz",
				);
				PRODUCT_BUNDLE_IDENTIFIER = omnimind.ocean.ViaVera;
				PRODUCT_MODULE_NAME = Via_Vera;
				PRODUCT_NAME = "Via Vera";
				REGISTER_APP_GROUPS = YES;
				SDKROOT = auto;
				STRING_CATALOG_GENERATE_SYMBOLS = YES;
				SUPPORTED_PLATFORMS = "iphoneos iphonesimulator macosx";
				SWIFT_APPROACHABLE_CONCURRENCY = YES;
				SWIFT_DEFAULT_ACTOR_ISOLATION = MainActor;
				SWIFT_EMIT_LOC_STRINGS = YES;
				SWIFT_OBJC_BRIDGING_HEADER = "OmniBot/OmniBot-Bridging-Header.h";
				SWIFT_UPCOMING_FEATURE_MEMBER_IMPORT_VISIBILITY = YES;
				SWIFT_VERSION = 6.0;
				TARGETED_DEVICE_FAMILY = "1,2";
			};
			name = Debug;
		};
		8E94B7103000BF1400A6FA2F /* Release */ = {
			isa = XCBuildConfiguration;
			buildSettings = {
				ARCHS = arm64;
				ASSETCATALOG_COMPILER_APPICON_NAME = AppIcon;
				"ASSETCATALOG_COMPILER_APPICON_NAME[sdk=macosx*]" = AppIconMac;
				ASSETCATALOG_COMPILER_GLOBAL_ACCENT_COLOR_NAME = AccentColor;
				"CODE_SIGN_ENTITLEMENTS[sdk=iphoneos*]" = "OmniBot/OmniBot-iOS.entitlements";
				"CODE_SIGN_ENTITLEMENTS[sdk=iphonesimulator*]" = "OmniBot/OmniBot-iOS.entitlements";
				"CODE_SIGN_ENTITLEMENTS[sdk=macosx*]" = OmniBot/OmniBot.entitlements;
				CODE_SIGN_STYLE = Automatic;
				CURRENT_PROJECT_VERSION = 1;
				ENABLE_APP_SANDBOX = YES;
				ENABLE_HARDENED_RUNTIME = YES;
				ENABLE_INCOMING_NETWORK_CONNECTIONS = YES;
				ENABLE_OUTGOING_NETWORK_CONNECTIONS = YES;
				ENABLE_PREVIEWS = YES;
				ENABLE_USER_SCRIPT_SANDBOXING = NO;
				GCC_PREPROCESSOR_DEFINITIONS = (
					"$(inherited)",
					"GUEST_ARM64=1",
				);
				GENERATE_INFOPLIST_FILE = YES;
				HEADER_SEARCH_PATHS = (
					"$(inherited)",
					"$(PROJECT_DIR)/Vendor/ish-arm64",
					"$(PROJECT_DIR)/Vendor/ish-arm64/deps/libarchive/libarchive",
				);
				INFOPLIST_FILE = OmniBot/Info.plist;
				"INFOPLIST_KEY_LSApplicationCategoryType[sdk=macosx*]" = "public.app-category.productivity";
				"INFOPLIST_KEY_UIApplicationSceneManifest_Generation[sdk=iphoneos*]" = YES;
				"INFOPLIST_KEY_UIApplicationSceneManifest_Generation[sdk=iphonesimulator*]" = YES;
				"INFOPLIST_KEY_UIApplicationSupportsIndirectInputEvents[sdk=iphoneos*]" = YES;
				"INFOPLIST_KEY_UIApplicationSupportsIndirectInputEvents[sdk=iphonesimulator*]" = YES;
				"INFOPLIST_KEY_UILaunchScreen_Generation[sdk=iphoneos*]" = YES;
				"INFOPLIST_KEY_UILaunchScreen_Generation[sdk=iphonesimulator*]" = YES;
				"INFOPLIST_KEY_UIStatusBarStyle[sdk=iphoneos*]" = UIStatusBarStyleDefault;
				"INFOPLIST_KEY_UIStatusBarStyle[sdk=iphonesimulator*]" = UIStatusBarStyleDefault;
				INFOPLIST_KEY_UISupportedInterfaceOrientations_iPad = "UIInterfaceOrientationPortrait UIInterfaceOrientationPortraitUpsideDown UIInterfaceOrientationLandscapeLeft UIInterfaceOrientationLandscapeRight";
				INFOPLIST_KEY_UISupportedInterfaceOrientations_iPhone = "UIInterfaceOrientationPortrait UIInterfaceOrientationLandscapeLeft UIInterfaceOrientationLandscapeRight";
				IPHONEOS_DEPLOYMENT_TARGET = 26.4;
				LD_RUNPATH_SEARCH_PATHS = "@executable_path/Frameworks";
				"LD_RUNPATH_SEARCH_PATHS[sdk=macosx*]" = "@executable_path/../Frameworks";
				MACOSX_DEPLOYMENT_TARGET = 26.4;
				MARKETING_VERSION = 1.0;
				OTHER_LDFLAGS = (
					"$(inherited)",
					"$(TARGET_TEMP_DIR)/ish-meson/libish.a",
					"$(TARGET_TEMP_DIR)/ish-meson/libish_emu.a",
					"$(TARGET_TEMP_DIR)/ish-meson/libfakefs.a",
					"-larchive",
					"-lsqlite3",
					"-lresolv",
					"-liconv",
					"-lbz2",
					"-lz",
				);
				PRODUCT_BUNDLE_IDENTIFIER = omnimind.ocean.ViaVera;
				PRODUCT_MODULE_NAME = Via_Vera;
				PRODUCT_NAME = "Via Vera";
				REGISTER_APP_GROUPS = YES;
				SDKROOT = auto;
				STRING_CATALOG_GENERATE_SYMBOLS = YES;
				SUPPORTED_PLATFORMS = "iphoneos iphonesimulator macosx";
				SWIFT_APPROACHABLE_CONCURRENCY = YES;
				SWIFT_DEFAULT_ACTOR_ISOLATION = MainActor;
				SWIFT_EMIT_LOC_STRINGS = YES;
				SWIFT_OBJC_BRIDGING_HEADER = "OmniBot/OmniBot-Bridging-Header.h";
				SWIFT_UPCOMING_FEATURE_MEMBER_IMPORT_VISIBILITY = YES;
				SWIFT_VERSION = 6.0;
				TARGETED_DEVICE_FAMILY = "1,2";
			};
			name = Release;
		};
		8E94B7113000BF1400A6FA2F /* Debug */ = {
			isa = XCBuildConfiguration;
			buildSettings = {
				ALWAYS_SEARCH_USER_PATHS = NO;
				ASSETCATALOG_COMPILER_GENERATE_SWIFT_ASSET_SYMBOL_EXTENSIONS = YES;
				CLANG_ANALYZER_NONNULL = YES;
				CLANG_ANALYZER_NUMBER_OBJECT_CONVERSION = YES_AGGRESSIVE;
				CLANG_CXX_LANGUAGE_STANDARD = "gnu++20";
				CLANG_ENABLE_MODULES = YES;
				CLANG_ENABLE_OBJC_ARC = YES;
				CLANG_ENABLE_OBJC_WEAK = YES;
				CLANG_WARN_BLOCK_CAPTURE_AUTORELEASING = YES;
				CLANG_WARN_BOOL_CONVERSION = YES;
				CLANG_WARN_COMMA = YES;
				CLANG_WARN_CONSTANT_CONVERSION = YES;
				CLANG_WARN_DEPRECATED_OBJC_IMPLEMENTATIONS = YES;
				CLANG_WARN_DIRECT_OBJC_ISA_USAGE = YES_ERROR;
				CLANG_WARN_DOCUMENTATION_COMMENTS = YES;
				CLANG_WARN_EMPTY_BODY = YES;
				CLANG_WARN_ENUM_CONVERSION = YES;
				CLANG_WARN_INFINITE_RECURSION = YES;
				CLANG_WARN_INT_CONVERSION = YES;
				CLANG_WARN_NON_LITERAL_NULL_CONVERSION = YES;
				CLANG_WARN_OBJC_IMPLICIT_RETAIN_SELF = YES;
				CLANG_WARN_OBJC_LITERAL_CONVERSION = YES;
				CLANG_WARN_OBJC_ROOT_CLASS = YES_ERROR;
				CLANG_WARN_QUOTED_INCLUDE_IN_FRAMEWORK_HEADER = YES;
				CLANG_WARN_RANGE_LOOP_ANALYSIS = YES;
				CLANG_WARN_STRICT_PROTOTYPES = YES;
				CLANG_WARN_SUSPICIOUS_MOVE = YES;
				CLANG_WARN_UNGUARDED_AVAILABILITY = YES_AGGRESSIVE;
				CLANG_WARN_UNREACHABLE_CODE = YES;
				CLANG_WARN__DUPLICATE_METHOD_MATCH = YES;
				COPY_PHASE_STRIP = NO;
				DEBUG_INFORMATION_FORMAT = dwarf;
				ENABLE_STRICT_OBJC_MSGSEND = YES;
				ENABLE_TESTABILITY = YES;
				ENABLE_USER_SCRIPT_SANDBOXING = YES;
				GCC_C_LANGUAGE_STANDARD = gnu17;
				GCC_DYNAMIC_NO_PIC = NO;
				GCC_NO_COMMON_BLOCKS = YES;
				GCC_OPTIMIZATION_LEVEL = 0;
				GCC_PREPROCESSOR_DEFINITIONS = (
					"DEBUG=1",
					"$(inherited)",
				);
				GCC_WARN_64_TO_32_BIT_CONVERSION = YES;
				GCC_WARN_ABOUT_RETURN_TYPE = YES_ERROR;
				GCC_WARN_UNDECLARED_SELECTOR = YES;
				GCC_WARN_UNINITIALIZED_AUTOS = YES_AGGRESSIVE;
				GCC_WARN_UNUSED_FUNCTION = YES;
				GCC_WARN_UNUSED_VARIABLE = YES;
				LOCALIZATION_PREFERS_STRING_CATALOGS = YES;
				MTL_ENABLE_DEBUG_INFO = INCLUDE_SOURCE;
				MTL_FAST_MATH = YES;
				ONLY_ACTIVE_ARCH = YES;
				SWIFT_ACTIVE_COMPILATION_CONDITIONS = "DEBUG $(inherited)";
				SWIFT_OPTIMIZATION_LEVEL = "-Onone";
			};
			name = Debug;
		};
		8E94B7123000BF1400A6FA2F /* Release */ = {
			isa = XCBuildConfiguration;
			buildSettings = {
				ALWAYS_SEARCH_USER_PATHS = NO;
				ASSETCATALOG_COMPILER_GENERATE_SWIFT_ASSET_SYMBOL_EXTENSIONS = YES;
				CLANG_ANALYZER_NONNULL = YES;
				CLANG_ANALYZER_NUMBER_OBJECT_CONVERSION = YES_AGGRESSIVE;
				CLANG_CXX_LANGUAGE_STANDARD = "gnu++20";
				CLANG_ENABLE_MODULES = YES;
				CLANG_ENABLE_OBJC_ARC = YES;
				CLANG_ENABLE_OBJC_WEAK = YES;
				CLANG_WARN_BLOCK_CAPTURE_AUTORELEASING = YES;
				CLANG_WARN_BOOL_CONVERSION = YES;
				CLANG_WARN_COMMA = YES;
				CLANG_WARN_CONSTANT_CONVERSION = YES;
				CLANG_WARN_DEPRECATED_OBJC_IMPLEMENTATIONS = YES;
				CLANG_WARN_DIRECT_OBJC_ISA_USAGE = YES_ERROR;
				CLANG_WARN_DOCUMENTATION_COMMENTS = YES;
				CLANG_WARN_EMPTY_BODY = YES;
				CLANG_WARN_ENUM_CONVERSION = YES;
				CLANG_WARN_INFINITE_RECURSION = YES;
				CLANG_WARN_INT_CONVERSION = YES;
				CLANG_WARN_NON_LITERAL_NULL_CONVERSION = YES;
				CLANG_WARN_OBJC_IMPLICIT_RETAIN_SELF = YES;
				CLANG_WARN_OBJC_LITERAL_CONVERSION = YES;
				CLANG_WARN_OBJC_ROOT_CLASS = YES_ERROR;
				CLANG_WARN_QUOTED_INCLUDE_IN_FRAMEWORK_HEADER = YES;
				CLANG_WARN_RANGE_LOOP_ANALYSIS = YES;
				CLANG_WARN_STRICT_PROTOTYPES = YES;
				CLANG_WARN_SUSPICIOUS_MOVE = YES;
				CLANG_WARN_UNGUARDED_AVAILABILITY = YES_AGGRESSIVE;
				CLANG_WARN_UNREACHABLE_CODE = YES;
				CLANG_WARN__DUPLICATE_METHOD_MATCH = YES;
				COPY_PHASE_STRIP = NO;
				DEBUG_INFORMATION_FORMAT = "dwarf-with-dsym";
				ENABLE_NS_ASSERTIONS = NO;
				ENABLE_STRICT_OBJC_MSGSEND = YES;
				ENABLE_USER_SCRIPT_SANDBOXING = YES;
				GCC_C_LANGUAGE_STANDARD = gnu17;
				GCC_NO_COMMON_BLOCKS = YES;
				GCC_WARN_64_TO_32_BIT_CONVERSION = YES;
				GCC_WARN_ABOUT_RETURN_TYPE = YES_ERROR;
				GCC_WARN_UNDECLARED_SELECTOR = YES;
				GCC_WARN_UNINITIALIZED_AUTOS = YES_AGGRESSIVE;
				GCC_WARN_UNUSED_FUNCTION = YES;
				GCC_WARN_UNUSED_VARIABLE = YES;
				LOCALIZATION_PREFERS_STRING_CATALOGS = YES;
				MTL_ENABLE_DEBUG_INFO = NO;
				MTL_FAST_MATH = YES;
				SWIFT_COMPILATION_MODE = wholemodule;
			};
			name = Release;
		};
		8E94B7143000BF1400A6FA2F /* Debug */ = {
			isa = XCBuildConfiguration;
			buildSettings = {
				BUNDLE_LOADER = "$(TEST_HOST)";
				CODE_SIGN_STYLE = Automatic;
				CURRENT_PROJECT_VERSION = 1;
				GENERATE_INFOPLIST_FILE = YES;
				IPHONEOS_DEPLOYMENT_TARGET = 26.4;
				MACOSX_DEPLOYMENT_TARGET = 26.4;
				MARKETING_VERSION = 1.0;
				PRODUCT_BUNDLE_IDENTIFIER = cn.com.omnimind.OmniBotTests;
				PRODUCT_NAME = "$(TARGET_NAME)";
				SDKROOT = auto;
				STRING_CATALOG_GENERATE_SYMBOLS = NO;
				SUPPORTED_PLATFORMS = "iphoneos iphonesimulator macosx xros xrsimulator";
				SWIFT_APPROACHABLE_CONCURRENCY = YES;
				SWIFT_EMIT_LOC_STRINGS = NO;
				SWIFT_UPCOMING_FEATURE_MEMBER_IMPORT_VISIBILITY = YES;
				SWIFT_VERSION = 5.0;
				TARGETED_DEVICE_FAMILY = "1,2,7";
				TEST_HOST = "$(BUILT_PRODUCTS_DIR)/Via Vera.app/$(BUNDLE_EXECUTABLE_FOLDER_PATH)/Via Vera";
				XROS_DEPLOYMENT_TARGET = 26.4;
			};
			name = Debug;
		};
		8E94B7153000BF1400A6FA2F /* Release */ = {
			isa = XCBuildConfiguration;
			buildSettings = {
				BUNDLE_LOADER = "$(TEST_HOST)";
				CODE_SIGN_STYLE = Automatic;
				CURRENT_PROJECT_VERSION = 1;
				GENERATE_INFOPLIST_FILE = YES;
				IPHONEOS_DEPLOYMENT_TARGET = 26.4;
				MACOSX_DEPLOYMENT_TARGET = 26.4;
				MARKETING_VERSION = 1.0;
				PRODUCT_BUNDLE_IDENTIFIER = cn.com.omnimind.OmniBotTests;
				PRODUCT_NAME = "$(TARGET_NAME)";
				SDKROOT = auto;
				STRING_CATALOG_GENERATE_SYMBOLS = NO;
				SUPPORTED_PLATFORMS = "iphoneos iphonesimulator macosx xros xrsimulator";
				SWIFT_APPROACHABLE_CONCURRENCY = YES;
				SWIFT_EMIT_LOC_STRINGS = NO;
				SWIFT_UPCOMING_FEATURE_MEMBER_IMPORT_VISIBILITY = YES;
				SWIFT_VERSION = 5.0;
				TARGETED_DEVICE_FAMILY = "1,2,7";
				TEST_HOST = "$(BUILT_PRODUCTS_DIR)/Via Vera.app/$(BUNDLE_EXECUTABLE_FOLDER_PATH)/Via Vera";
				XROS_DEPLOYMENT_TARGET = 26.4;
			};
			name = Release;
		};
		8E94B7173000BF1400A6FA2F /* Debug */ = {
			isa = XCBuildConfiguration;
			buildSettings = {
				CODE_SIGN_STYLE = Automatic;
				CURRENT_PROJECT_VERSION = 1;
				GENERATE_INFOPLIST_FILE = YES;
				IPHONEOS_DEPLOYMENT_TARGET = 26.4;
				MACOSX_DEPLOYMENT_TARGET = 26.4;
				MARKETING_VERSION = 1.0;
				PRODUCT_BUNDLE_IDENTIFIER = cn.com.omnimind.OmniBotUITests;
				PRODUCT_NAME = "$(TARGET_NAME)";
				SDKROOT = auto;
				STRING_CATALOG_GENERATE_SYMBOLS = NO;
				SUPPORTED_PLATFORMS = "iphoneos iphonesimulator macosx xros xrsimulator";
				SWIFT_APPROACHABLE_CONCURRENCY = YES;
				SWIFT_EMIT_LOC_STRINGS = NO;
				SWIFT_UPCOMING_FEATURE_MEMBER_IMPORT_VISIBILITY = YES;
				SWIFT_VERSION = 5.0;
				TARGETED_DEVICE_FAMILY = "1,2,7";
				TEST_TARGET_NAME = OmniBot;
				XROS_DEPLOYMENT_TARGET = 26.4;
			};
			name = Debug;
		};
		8E94B7183000BF1400A6FA2F /* Release */ = {
			isa = XCBuildConfiguration;
			buildSettings = {
				CODE_SIGN_STYLE = Automatic;
				CURRENT_PROJECT_VERSION = 1;
				GENERATE_INFOPLIST_FILE = YES;
				IPHONEOS_DEPLOYMENT_TARGET = 26.4;
				MACOSX_DEPLOYMENT_TARGET = 26.4;
				MARKETING_VERSION = 1.0;
				PRODUCT_BUNDLE_IDENTIFIER = cn.com.omnimind.OmniBotUITests;
				PRODUCT_NAME = "$(TARGET_NAME)";
				SDKROOT = auto;
				STRING_CATALOG_GENERATE_SYMBOLS = NO;
				SUPPORTED_PLATFORMS = "iphoneos iphonesimulator macosx xros xrsimulator";
				SWIFT_APPROACHABLE_CONCURRENCY = YES;
				SWIFT_EMIT_LOC_STRINGS = NO;
				SWIFT_UPCOMING_FEATURE_MEMBER_IMPORT_VISIBILITY = YES;
				SWIFT_VERSION = 5.0;
				TARGETED_DEVICE_FAMILY = "1,2,7";
				TEST_TARGET_NAME = OmniBot;
				XROS_DEPLOYMENT_TARGET = 26.4;
			};
			name = Release;
		};
/* End XCBuildConfiguration section */

/* Begin XCConfigurationList section */
		8E94B6E53000BF1400A6FA2F /* Build configuration list for PBXProject "OmniBot" */ = {
			isa = XCConfigurationList;
			buildConfigurations = (
				8E94B7113000BF1400A6FA2F /* Debug */,
				8E94B7123000BF1400A6FA2F /* Release */,
			);
			defaultConfigurationIsVisible = 0;
			defaultConfigurationName = Release;
		};
		8E94B70E3000BF1400A6FA2F /* Build configuration list for PBXNativeTarget "OmniBot" */ = {
			isa = XCConfigurationList;
			buildConfigurations = (
				8E94B70F3000BF1400A6FA2F /* Debug */,
				8E94B7103000BF1400A6FA2F /* Release */,
			);
			defaultConfigurationIsVisible = 0;
			defaultConfigurationName = Release;
		};
		8E94B7133000BF1400A6FA2F /* Build configuration list for PBXNativeTarget "OmniBotTests" */ = {
			isa = XCConfigurationList;
			buildConfigurations = (
				8E94B7143000BF1400A6FA2F /* Debug */,
				8E94B7153000BF1400A6FA2F /* Release */,
			);
			defaultConfigurationIsVisible = 0;
			defaultConfigurationName = Release;
		};
		8E94B7163000BF1400A6FA2F /* Build configuration list for PBXNativeTarget "OmniBotUITests" */ = {
			isa = XCConfigurationList;
			buildConfigurations = (
				8E94B7173000BF1400A6FA2F /* Debug */,
				8E94B7183000BF1400A6FA2F /* Release */,
			);
			defaultConfigurationIsVisible = 0;
			defaultConfigurationName = Release;
		};
/* End XCConfigurationList section */
	};
	rootObject = 8E94B6E23000BF1400A6FA2F /* Project object */;
}
